
Microsoft Visual Studio Solution File, Format Version 12.00
# Visual Studio Version 17
VisualStudioVersion = 17.11.35327.3
MinimumVisualStudioVersion = 10.0.40219.1
Project("{FAE04EC0-301F-11D3-BF4B-00C04F79EFBC}") = "AutoPick", "AutoPick\AutoPick.csproj", "{808A38C7-7CEC-4651-8B45-A7A6A8C27912}"
EndProject
Global
	GlobalSection(SolutionConfigurationPlatforms) = preSolution
		Debug|Any CPU = Debug|Any CPU
		Release|Any CPU = Release|Any CPU
	EndGlobalSection
	GlobalSection(ProjectConfigurationPlatforms) = postSolution
		{808A38C7-7CEC-4651-8B45-A7A6A8C27912}.Debug|Any CPU.ActiveCfg = Debug|Any CPU
		{808A38C7-7CEC-4651-8B45-A7A6A8C27912}.Debug|Any CPU.Build.0 = Debug|Any CPU
		{808A38C7-7CEC-4651-8B45-A7A6A8C27912}.Release|Any CPU.ActiveCfg = Release|Any CPU
		{808A38C7-7CEC-4651-8B45-A7A6A8C27912}.Release|Any CPU.Build.0 = Release|Any CPU
	EndGlobalSection
	GlobalSection(SolutionProperties) = preSolution
		HideSolutionNode = FALSE
	EndGlobalSection
	GlobalSection(ExtensibilityGlobals) = postSolution
		SolutionGuid = {CC23FD15-8A4F-493A-A139-0053698E062F}
	EndGlobalSection
EndGlobal
